{
  "name": "App-Dev-1",
  "lockfileVersion": 3,
  "requires": true,
  "packages": {
    "": {
      "dependencies": {
        "cows": "^3.0.1"
      }
    },
    "node_modules/cows": {
      "version": "3.0.1",
      "resolved": "https://registry.npmjs.org/cows/-/cows-3.0.1.tgz",
      "integrity": "sha512-w0Ar2UVwcaqYGa4jKMrGYMqMmKIokOWkG2WtirgHlWu8UGwyChimNt4YO5xRfKsebWMENJQGb1PiG73BB5nwAQ==",
      "license": "MIT",
      "engines": {
        "node": ">=18"
      },
      "funding": {
        "url": "https://github.com/sponsors/sindresorhus"
      }
    }
  }
}
